{
    "_readme": [
        "This file locks the dependencies of your project to a known state",
        "Read more about it at https://getcomposer.org/doc/01-basic-usage.md#composer-lock-the-lock-file",
        "This file is @generated automatically"
    ],
    "hash": "f22c1c333ea1d9520254d536d39b3765",
    "packages": [
        {
            "name": "sybio/image-workshop",
            "version": "2.0.6",
            "source": {
                "type": "git",
                "url": "https://github.com/Sybio/ImageWorkshop.git",
                "reference": "14bbecd7b834404b8ea9cc7136f25d1c0e9adbfc"
            },
            "dist": {
                "type": "zip",
                "url": "https://api.github.com/repos/Sybio/ImageWorkshop/zipball/14bbecd7b834404b8ea9cc7136f25d1c0e9adbfc",
                "reference": "14bbecd7b834404b8ea9cc7136f25d1c0e9adbfc",
                "shasum": ""
            },
            "require": {
                "php": ">=5.3.0"
            },
            "type": "library",
            "autoload": {
                "psr-0": {
                    "PHPImageWorkshop": "src"
                }
            },
            "notification-url": "http://packagist.org/downloads/",
            "license": [
                "MIT"
            ],
            "authors": [
                {
                    "name": "Clément Guillemain",
                    "homepage": "http://clementguillemain.fr",
                    "role": "Developer / Freelancer"
                }
            ],
            "description": "Powerful PHP class using GD library to work easily with images including layer notion (like Photoshop or GIMP)",
            "homepage": "http://phpimageworkshop.com",
            "keywords": [
                "class",
                "crop",
                "gd",
                "image",
                "library",
                "resize",
                "rotate",
                "thumbnail",
                "watermark"
            ],
            "time": "2014-08-01 12:01:59"
        }
    ],
    "packages-dev": [],
    "aliases": [],
    "minimum-stability": "stable",
    "stability-flags": [],
    "prefer-stable": false,
    "prefer-lowest": false,
    "platform": [],
    "platform-dev": []
}
